
Microsoft Visual Studio Solution File, Format Version 12.00
# Visual Studio 2013
VisualStudioVersion = 12.0.31101.0
MinimumVisualStudioVersion = 10.0.40219.1
Project("{FAE04EC0-301F-11D3-BF4B-00C04F79EFBC}") = "Neemo.Web", "Neemo.Web\Neemo.Web.csproj", "{4F2B3142-92BC-42A9-8614-4DFB1F98D5A9}"
EndProject
Project("{FAE04EC0-301F-11D3-BF4B-00C04F79EFBC}") = "Neemo", "Neemo\Neemo.csproj", "{D118AA0C-9057-440C-97AC-343293F834AA}"
EndProject
Project("{FAE04EC0-301F-11D3-BF4B-00C04F79EFBC}") = "Neemo.CarParts.EntityFramework", "Neemo.CartParts.EntityFramework\Neemo.CarParts.EntityFramework.csproj", "{2A0A573D-A9D5-4AFE-A485-88545B9A855A}"
EndProject
Global
	GlobalSection(SolutionConfigurationPlatforms) = preSolution
		Debug|Any CPU = Debug|Any CPU
		Release|Any CPU = Release|Any CPU
	EndGlobalSection
	GlobalSection(ProjectConfigurationPlatforms) = postSolution
		{4F2B3142-92BC-42A9-8614-4DFB1F98D5A9}.Debug|Any CPU.ActiveCfg = Debug|Any CPU
		{4F2B3142-92BC-42A9-8614-4DFB1F98D5A9}.Debug|Any CPU.Build.0 = Debug|Any CPU
		{4F2B3142-92BC-42A9-8614-4DFB1F98D5A9}.Release|Any CPU.ActiveCfg = Release|Any CPU
		{4F2B3142-92BC-42A9-8614-4DFB1F98D5A9}.Release|Any CPU.Build.0 = Release|Any CPU
		{D118AA0C-9057-440C-97AC-343293F834AA}.Debug|Any CPU.ActiveCfg = Debug|Any CPU
		{D118AA0C-9057-440C-97AC-343293F834AA}.Debug|Any CPU.Build.0 = Debug|Any CPU
		{D118AA0C-9057-440C-97AC-343293F834AA}.Release|Any CPU.ActiveCfg = Release|Any CPU
		{D118AA0C-9057-440C-97AC-343293F834AA}.Release|Any CPU.Build.0 = Release|Any CPU
		{2A0A573D-A9D5-4AFE-A485-88545B9A855A}.Debug|Any CPU.ActiveCfg = Debug|Any CPU
		{2A0A573D-A9D5-4AFE-A485-88545B9A855A}.Debug|Any CPU.Build.0 = Debug|Any CPU
		{2A0A573D-A9D5-4AFE-A485-88545B9A855A}.Release|Any CPU.ActiveCfg = Release|Any CPU
		{2A0A573D-A9D5-4AFE-A485-88545B9A855A}.Release|Any CPU.Build.0 = Release|Any CPU
	EndGlobalSection
	GlobalSection(SolutionProperties) = preSolution
		HideSolutionNode = FALSE
	EndGlobalSection
EndGlobal
